
Microsoft Visual Studio Solution File, Format Version 12.00
# Visual Studio Version 16
VisualStudioVersion = 16.0.31025.218
MinimumVisualStudioVersion = 15.0.26124.0
Project("{9A19103F-16F7-4668-BE54-9A1E7A4F7556}") = "DiD.Idefix", "DiD.Idefix\DiD.Idefix.csproj", "{84AD009C-68A2-4803-ADDA-F3374578FDDB}"
EndProject
Global
	GlobalSection(SolutionConfigurationPlatforms) = preSolution
		Debug|Any CPU = Debug|Any CPU
		Debug|x64 = Debug|x64
		Debug|x86 = Debug|x86
		Release|Any CPU = Release|Any CPU
		Release|x64 = Release|x64
		Release|x86 = Release|x86
	EndGlobalSection
	GlobalSection(ProjectConfigurationPlatforms) = postSolution
		{84AD009C-68A2-4803-ADDA-F3374578FDDB}.Debug|Any CPU.ActiveCfg = Debug|Any CPU
		{84AD009C-68A2-4803-ADDA-F3374578FDDB}.Debug|Any CPU.Build.0 = Debug|Any CPU
		{84AD009C-68A2-4803-ADDA-F3374578FDDB}.Debug|x64.ActiveCfg = Debug|Any CPU
		{84AD009C-68A2-4803-ADDA-F3374578FDDB}.Debug|x64.Build.0 = Debug|Any CPU
		{84AD009C-68A2-4803-ADDA-F3374578FDDB}.Debug|x86.ActiveCfg = Debug|Any CPU
		{84AD009C-68A2-4803-ADDA-F3374578FDDB}.Debug|x86.Build.0 = Debug|Any CPU
		{84AD009C-68A2-4803-ADDA-F3374578FDDB}.Release|Any CPU.ActiveCfg = Release|Any CPU
		{84AD009C-68A2-4803-ADDA-F3374578FDDB}.Release|Any CPU.Build.0 = Release|Any CPU
		{84AD009C-68A2-4803-ADDA-F3374578FDDB}.Release|x64.ActiveCfg = Release|Any CPU
		{84AD009C-68A2-4803-ADDA-F3374578FDDB}.Release|x64.Build.0 = Release|Any CPU
		{84AD009C-68A2-4803-ADDA-F3374578FDDB}.Release|x86.ActiveCfg = Release|Any CPU
		{84AD009C-68A2-4803-ADDA-F3374578FDDB}.Release|x86.Build.0 = Release|Any CPU
	EndGlobalSection
	GlobalSection(SolutionProperties) = preSolution
		HideSolutionNode = FALSE
	EndGlobalSection
	GlobalSection(ExtensibilityGlobals) = postSolution
		SolutionGuid = {D76AF655-8797-4F6E-ABF9-48E35ABE4D5E}
	EndGlobalSection
EndGlobal
